<?xml version="1.0" encoding="utf-8"?>
<Project ToolsVersion="4.0" xmlns="http://schemas.microsoft.com/developer/msbuild/2003">
  <ItemGroup>
    <ClCompile Include="main.cpp" />
    <Filter Include="LeetCode">
      <UniqueIdentifier>{f9f8c8f8-13ee-4c93-b0eb-3278049f79bf}</UniqueIdentifier>
    </Filter>
    <Filter Include="LeetCode\Medium">
      <UniqueIdentifier>{a8d15bea-e659-44e5-beb2-95a799ae4d8c}</UniqueIdentifier>
    </Filter>
    <Filter Include="LeetCode\Easy">
      <UniqueIdentifier>{3fa40730-69f0-4068-95f2-25ef749222ab}</UniqueIdentifier>
    </Filter>
    <ClCompile Include="leetcode_2.cpp">
      <Filter>LeetCode\Medium</Filter>
    </ClCompile>
    <ClCompile Include="leetcode_3.cpp">
      <Filter>LeetCode\Medium</Filter>
    </ClCompile>
    <ClCompile Include="leetcode_1899.cpp">
      <Filter>LeetCode\Medium</Filter>
    </ClCompile>
    <ClCompile Include="leetcode_1413.cpp">
      <Filter>LeetCode\Easy</Filter>
    </ClCompile>
    <ClCompile Include="leetcode_1.cpp">
      <Filter>LeetCode\Easy</Filter>
    </ClCompile>
    <ClCompile Include="leetcode_9.cpp">
      <Filter>LeetCode\Easy</Filter>
    </ClCompile>
    <ClCompile Include="leetcode_13.cpp">
      <Filter>LeetCode\Easy</Filter>
    </ClCompile>
    <ClCompile Include="leetcode_141.cpp">
      <Filter>LeetCode\Easy</Filter>
    </ClCompile>
    <ClCompile Include="leetcode_144.cpp">
      <Filter>LeetCode\Easy</Filter>
    </ClCompile>
    <ClCompile Include="leetcode_145.cpp">
      <Filter>LeetCode\Easy</Filter>
    </ClCompile>
    <ClCompile Include="leetcode_155.cpp">
      <Filter>LeetCode\Easy</Filter>
    </ClCompile>
    <ClCompile Include="leetcode_160.cpp">
      <Filter>LeetCode\Easy</Filter>
    </ClCompile>
    <ClCompile Include="leetcode_167.cpp">
      <Filter>LeetCode\Easy</Filter>
    </ClCompile>
    <ClCompile Include="LeetCode.cpp">
      <Filter>LeetCode</Filter>
    </ClCompile>
    <ClCompile Include="leetcode_168.cpp">
      <Filter>LeetCode\Easy</Filter>
    </ClCompile>
    <ClCompile Include="leetcode_1904.cpp">
      <Filter>LeetCode\Medium</Filter>
    </ClCompile>
    <ClCompile Include="leetcode_169.cpp">
      <Filter>LeetCode\Easy</Filter>
    </ClCompile>
    <ClCompile Include="leetcode_171.cpp">
      <Filter>LeetCode\Easy</Filter>
    </ClCompile>
    <ClCompile Include="leetcode_172.cpp">
      <Filter>LeetCode\Easy</Filter>
    </ClCompile>
    <ClCompile Include="leetcode_190.cpp">
      <Filter>LeetCode\Easy</Filter>
    </ClCompile>
    <ClCompile Include="leetcode_421.cpp">
      <Filter>LeetCode\Medium</Filter>
    </ClCompile>
    <ClCompile Include="leetcode_191.cpp">
      <Filter>LeetCode\Easy</Filter>
    </ClCompile>
    <ClCompile Include="leetcode_14.cpp">
      <Filter>LeetCode\Easy</Filter>
    </ClCompile>
    <ClCompile Include="leetcode_20.cpp">
      <Filter>LeetCode\Easy</Filter>
    </ClCompile>
    <ClCompile Include="leetcode_21.cpp">
      <Filter>LeetCode\Easy</Filter>
    </ClCompile>
    <ClCompile Include="leetcode_38.cpp">
      <Filter>LeetCode\Easy</Filter>
    </ClCompile>
    <ClCompile Include="leetcode_49.cpp">
      <Filter>LeetCode\Easy</Filter>
    </ClCompile>
    <ClCompile Include="leetcode_88.cpp">
      <Filter>LeetCode\Easy</Filter>
    </ClCompile>
    <ClCompile Include="leetcode_704.cpp">
      <Filter>LeetCode\Easy</Filter>
    </ClCompile>
    <ClCompile Include="leetcode_1089.cpp">
      <Filter>LeetCode\Easy</Filter>
    </ClCompile>
  </ItemGroup>
  <ItemGroup>
    <ClInclude Include="ISoultion.h">
      <Filter>LeetCode</Filter>
    </ClInclude>
    <ClInclude Include="LeetCode.h">
      <Filter>LeetCode</Filter>
    </ClInclude>
  </ItemGroup>
  <ItemGroup>
    <ClCompile Include="main.cpp">
      <Filter>소스 파일</Filter>
    </ClCompile>
    <ClCompile Include="LeetCode.cpp">
      <Filter>LeetCode</Filter>
    </ClCompile>
    <ClCompile Include="programmers_01.cpp">
      <Filter>programmers</Filter>
    </ClCompile>
    <ClCompile Include="programmers_02.cpp">
      <Filter>programmers</Filter>
    </ClCompile>
    <ClCompile Include="programmers_03.cpp">
      <Filter>programmers</Filter>
    </ClCompile>
  </ItemGroup>
  <ItemGroup>
    <ClInclude Include="ISoultion.h" />
    <ClInclude Include="LeetCode.h" />
  </ItemGroup>
  <ItemGroup>
    <Filter Include="programmers">
      <UniqueIdentifier>{bd17f7d4-44d3-4878-9d03-46149b5bffea}</UniqueIdentifier>
    </Filter>
  </ItemGroup>
</Project>