<?xml version="1.0" encoding="utf-8"?>
<Project ToolsVersion="4.0" xmlns="http://schemas.microsoft.com/developer/msbuild/2003">
  <ItemGroup>
    <ClCompile Include="LeetCode.cpp" />
    <ClCompile Include="leetcode_1413.cpp" />
    <ClCompile Include="leetcode_1899.cpp" />
    <ClCompile Include="leetcode_141.cpp" />
    <ClCompile Include="leetcode_2.cpp" />
    <ClCompile Include="leetcode_3.cpp" />
    <ClCompile Include="main.cpp" />
    <ClCompile Include="leetcode_1.cpp" />
  </ItemGroup>
  <ItemGroup>
    <ClInclude Include="ISoultion.h" />
    <ClInclude Include="LeetCode.h" />
  </ItemGroup>
</Project>